<?xml version="1.0" encoding="utf-8"?>
<Project ToolsVersion="4.0" xmlns="http://schemas.microsoft.com/developer/msbuild/2003">
  <ItemGroup>
    <Filter Include="源文件">
      <UniqueIdentifier>{4FC737F1-C7A5-4376-A066-2A32D752A2FF}</UniqueIdentifier>
      <Extensions>cpp;c;cc;cxx;def;odl;idl;hpj;bat;asm;asmx</Extensions>
    </Filter>
    <Filter Include="头文件">
      <UniqueIdentifier>{93995380-89BD-4b04-88EB-625FBE52EBFB}</UniqueIdentifier>
      <Extensions>h;hh;hpp;hxx;hm;inl;inc;xsd</Extensions>
    </Filter>
    <Filter Include="资源文件">
      <UniqueIdentifier>{67DA6AB6-F800-4c08-8B7A-83BB121AAD01}</UniqueIdentifier>
      <Extensions>rc;ico;cur;bmp;dlg;rc2;rct;bin;rgs;gif;jpg;jpeg;jpe;resx;tiff;tif;png;wav;mfcribbon-ms</Extensions>
    </Filter>
  </ItemGroup>
  <ItemGroup>
    <ClCompile Include="..\..\source\AVM_stitch\avm_main_driver.cpp">
      <Filter>源文件</Filter>
    </ClCompile>
    <ClCompile Include="..\..\source\AVM_stitch\avm_utility.cpp">
      <Filter>源文件</Filter>
    </ClCompile>
    <ClCompile Include="..\..\..\COMM\camera_model\camera_model.cpp">
      <Filter>源文件</Filter>
    </ClCompile>
    <ClCompile Include="..\..\..\COMM\reuse\image_process.cpp">
      <Filter>源文件</Filter>
    </ClCompile>
    <ClCompile Include="..\..\..\COMM\thirdparty\opencv\opencv.cpp">
      <Filter>源文件</Filter>
    </ClCompile>
    <ClCompile Include="..\..\..\COMM\math\math_common.c">
      <Filter>源文件</Filter>
    </ClCompile>
    <ClCompile Include="..\..\include\avm_interface.cpp">
      <Filter>源文件</Filter>
    </ClCompile>
    <ClCompile Include="..\..\source\AVM_stitch\avm_config.cpp">
      <Filter>源文件</Filter>
    </ClCompile>
    <ClCompile Include="..\..\..\COMM\reuse\vehicle_info.cpp">
      <Filter>源文件</Filter>
    </ClCompile>
    <ClCompile Include="..\..\source\AVM_stitch\avm_load_parameter.cpp">
      <Filter>源文件</Filter>
    </ClCompile>
    <ClCompile Include="..\..\source\AVM_stitch\resolve_data.cpp">
      <Filter>源文件</Filter>
    </ClCompile>
    <ClCompile Include="..\..\source\AVM_stitch\generate_4_view_lut.cpp">
      <Filter>源文件</Filter>
    </ClCompile>
    <ClCompile Include="..\..\source\AVM_stitch\generate_3_view_lut.cpp">
      <Filter>源文件</Filter>
    </ClCompile>
    <ClCompile Include="..\..\source\AVM_stitch\single_view.cpp">
      <Filter>源文件</Filter>
    </ClCompile>
    <ClCompile Include="..\..\source\AVM_stitch\draw_static_dynamic_line.cpp">
      <Filter>源文件</Filter>
    </ClCompile>
    <ClCompile Include="..\..\source\AVM_stitch\handle_picture_major_process.cpp">
      <Filter>源文件</Filter>
    </ClCompile>
    <ClCompile Include="..\..\source\AVM_stitch\fwrite_bin.cpp">
      <Filter>源文件</Filter>
    </ClCompile>
    <ClCompile Include="..\..\source\AVM_stitch\generate_amba_table.cpp">
      <Filter>源文件</Filter>
    </ClCompile>
    <ClCompile Include="..\..\source\AVM_stitch\3D_licheng.cpp">
      <Filter>源文件</Filter>
    </ClCompile>
  </ItemGroup>
  <ItemGroup>
    <ClInclude Include="..\..\source\AVM_stitch\avm_utility.h">
      <Filter>头文件</Filter>
    </ClInclude>
    <ClInclude Include="..\..\source\AVM_stitch\avm_error.h">
      <Filter>头文件</Filter>
    </ClInclude>
    <ClInclude Include="..\..\..\COMM\reuse\data_type.h">
      <Filter>头文件</Filter>
    </ClInclude>
    <ClInclude Include="..\..\..\COMM\camera_model\camera_model.h">
      <Filter>头文件</Filter>
    </ClInclude>
    <ClInclude Include="..\..\..\COMM\reuse\image_process.h">
      <Filter>头文件</Filter>
    </ClInclude>
    <ClInclude Include="..\..\..\COMM\thirdparty\opencv\opencv.h">
      <Filter>头文件</Filter>
    </ClInclude>
    <ClInclude Include="..\..\..\COMM\math\math_common.h">
      <Filter>头文件</Filter>
    </ClInclude>
    <ClInclude Include="..\..\include\avm_interface.h">
      <Filter>头文件</Filter>
    </ClInclude>
    <ClInclude Include="..\..\source\AVM_stitch\avm_config.h">
      <Filter>头文件</Filter>
    </ClInclude>
    <ClInclude Include="..\..\include\avm_data_type.h">
      <Filter>头文件</Filter>
    </ClInclude>
    <ClInclude Include="..\..\..\COMM\reuse\vehicle_info.h">
      <Filter>头文件</Filter>
    </ClInclude>
    <ClInclude Include="..\..\source\AVM_stitch\avm_load_parameter.h">
      <Filter>头文件</Filter>
    </ClInclude>
    <ClInclude Include="..\..\source\AVM_stitch\resolve_data.h">
      <Filter>头文件</Filter>
    </ClInclude>
    <ClInclude Include="..\..\source\AVM_stitch\generate_3_view_lut.h">
      <Filter>头文件</Filter>
    </ClInclude>
    <ClInclude Include="..\..\source\AVM_stitch\generate_4_view_lut.h">
      <Filter>头文件</Filter>
    </ClInclude>
    <ClInclude Include="..\..\source\AVM_stitch\single_view.h">
      <Filter>头文件</Filter>
    </ClInclude>
    <ClInclude Include="..\..\source\AVM_stitch\draw_static_dynamic_line.h">
      <Filter>头文件</Filter>
    </ClInclude>
    <ClInclude Include="..\..\source\AVM_stitch\handle_picture_major_process.h">
      <Filter>头文件</Filter>
    </ClInclude>
    <ClInclude Include="..\..\source\AVM_stitch\fwrite_bin.h">
      <Filter>头文件</Filter>
    </ClInclude>
    <ClInclude Include="标头.h">
      <Filter>头文件</Filter>
    </ClInclude>
    <ClInclude Include="..\..\source\AVM_stitch\SMC.h">
      <Filter>头文件</Filter>
    </ClInclude>
    <ClInclude Include="..\..\source\AVM_stitch\generate_amba_table.h">
      <Filter>头文件</Filter>
    </ClInclude>
    <ClInclude Include="..\..\source\AVM_stitch\3D_licheng.h">
      <Filter>头文件</Filter>
    </ClInclude>
  </ItemGroup>
</Project>